<?xml version="1.0" encoding="utf-8"?>
<Project ToolsVersion="4.0" xmlns="http://schemas.microsoft.com/developer/msbuild/2003">
  <ItemGroup>
    <Filter Include="Source Files">
      <UniqueIdentifier>{4FC737F1-C7A5-4376-A066-2A32D752A2FF}</UniqueIdentifier>
      <Extensions>cpp;c;cc;cxx;c++;cppm;ixx;def;odl;idl;hpj;bat;asm;asmx</Extensions>
    </Filter>
    <Filter Include="Header Files">
      <UniqueIdentifier>{93995380-89BD-4b04-88EB-625FBE52EBFB}</UniqueIdentifier>
      <Extensions>h;hh;hpp;hxx;h++;hm;inl;inc;ipp;xsd</Extensions>
    </Filter>
    <Filter Include="Resource Files">
      <UniqueIdentifier>{67DA6AB6-F800-4c08-8B7A-83BB121AAD01}</UniqueIdentifier>
      <Extensions>rc;ico;cur;bmp;dlg;rc2;rct;bin;rgs;gif;jpg;jpeg;jpe;resx;tiff;tif;png;wav;mfcribbon-ms</Extensions>
    </Filter>
    <Filter Include="SurfaceQueue">
      <UniqueIdentifier>{daa05a70-d248-4702-a821-f9b1690a0bbe}</UniqueIdentifier>
    </Filter>
    <Filter Include="SurfaceQueue\Source Files">
      <UniqueIdentifier>{79efb425-37f2-4886-bec7-9059b73205a7}</UniqueIdentifier>
    </Filter>
  </ItemGroup>
  <ItemGroup>
    <ClInclude Include="Exports.h">
      <Filter>Header Files</Filter>
    </ClInclude>
    <ClInclude Include="SurfaceQueueInterop.h">
      <Filter>Header Files</Filter>
    </ClInclude>
    <ClInclude Include="QueueHelperStruct.h">
      <Filter>Header Files</Filter>
    </ClInclude>
    <ClInclude Include="SurfaceQueue.h">
      <Filter>SurfaceQueue</Filter>
    </ClInclude>
    <ClInclude Include="SurfaceQueueImpl.h">
      <Filter>SurfaceQueue</Filter>
    </ClInclude>
  </ItemGroup>
  <ItemGroup>
    <ClCompile Include="Exports.cpp">
      <Filter>Source Files</Filter>
    </ClCompile>
    <ClCompile Include="SurfaceDevice9.cpp">
      <Filter>SurfaceQueue\Source Files</Filter>
    </ClCompile>
    <ClCompile Include="SurfaceDevice10.cpp">
      <Filter>SurfaceQueue\Source Files</Filter>
    </ClCompile>
    <ClCompile Include="SurfaceDevice11.cpp">
      <Filter>SurfaceQueue\Source Files</Filter>
    </ClCompile>
    <ClCompile Include="SurfaceQueue.cpp">
      <Filter>SurfaceQueue\Source Files</Filter>
    </ClCompile>
  </ItemGroup>
  <ItemGroup>
    <None Include="SurfaceQueue.inl">
      <Filter>SurfaceQueue\Source Files</Filter>
    </None>
  </ItemGroup>
</Project>