
Microsoft Visual Studio Solution File, Format Version 12.00
# Visual Studio Version 17
VisualStudioVersion = 17.3.32901.215
MinimumVisualStudioVersion = 10.0.40219.1
Project("{9A19103F-16F7-4668-BE54-9A1E7A4F7556}") = "WpfD3D11Interop", "WpfD3D11Interop\WpfD3D11Interop.csproj", "{2383C080-8C85-4DF8-B73A-F2A9C77FBB33}"
EndProject
Project("{9A19103F-16F7-4668-BE54-9A1E7A4F7556}") = "TqkLibrary.Wpf.Interop.DirectX", "..\..\src\TqkLibrary.Wpf.Interop.DirectX\TqkLibrary.Wpf.Interop.DirectX.csproj", "{A32DC8F9-F787-43B3-8590-199CE16B6537}"
EndProject
Project("{8BC9CEB8-8B4A-11D0-8D11-00A0C91BC942}") = "D3DVisualization_winsdk", "D3D11Visualization\D3DVisualization_winsdk.vcxproj", "{D73DCE48-0DBC-40FE-AC89-2C06AF01060B}"
EndProject
Global
	GlobalSection(SolutionConfigurationPlatforms) = preSolution
		Debug|Any CPU = Debug|Any CPU
		Debug|x64 = Debug|x64
		Debug|x86 = Debug|x86
		Release|Any CPU = Release|Any CPU
		Release|x64 = Release|x64
		Release|x86 = Release|x86
	EndGlobalSection
	GlobalSection(ProjectConfigurationPlatforms) = postSolution
		{2383C080-8C85-4DF8-B73A-F2A9C77FBB33}.Debug|Any CPU.ActiveCfg = Debug|Any CPU
		{2383C080-8C85-4DF8-B73A-F2A9C77FBB33}.Debug|Any CPU.Build.0 = Debug|Any CPU
		{2383C080-8C85-4DF8-B73A-F2A9C77FBB33}.Debug|x64.ActiveCfg = Debug|Any CPU
		{2383C080-8C85-4DF8-B73A-F2A9C77FBB33}.Debug|x64.Build.0 = Debug|Any CPU
		{2383C080-8C85-4DF8-B73A-F2A9C77FBB33}.Debug|x86.ActiveCfg = Debug|Any CPU
		{2383C080-8C85-4DF8-B73A-F2A9C77FBB33}.Debug|x86.Build.0 = Debug|Any CPU
		{2383C080-8C85-4DF8-B73A-F2A9C77FBB33}.Release|Any CPU.ActiveCfg = Release|Any CPU
		{2383C080-8C85-4DF8-B73A-F2A9C77FBB33}.Release|Any CPU.Build.0 = Release|Any CPU
		{2383C080-8C85-4DF8-B73A-F2A9C77FBB33}.Release|x64.ActiveCfg = Release|Any CPU
		{2383C080-8C85-4DF8-B73A-F2A9C77FBB33}.Release|x64.Build.0 = Release|Any CPU
		{2383C080-8C85-4DF8-B73A-F2A9C77FBB33}.Release|x86.ActiveCfg = Release|Any CPU
		{2383C080-8C85-4DF8-B73A-F2A9C77FBB33}.Release|x86.Build.0 = Release|Any CPU
		{A32DC8F9-F787-43B3-8590-199CE16B6537}.Debug|Any CPU.ActiveCfg = Debug|Any CPU
		{A32DC8F9-F787-43B3-8590-199CE16B6537}.Debug|Any CPU.Build.0 = Debug|Any CPU
		{A32DC8F9-F787-43B3-8590-199CE16B6537}.Debug|x64.ActiveCfg = Debug|Any CPU
		{A32DC8F9-F787-43B3-8590-199CE16B6537}.Debug|x64.Build.0 = Debug|Any CPU
		{A32DC8F9-F787-43B3-8590-199CE16B6537}.Debug|x86.ActiveCfg = Debug|Any CPU
		{A32DC8F9-F787-43B3-8590-199CE16B6537}.Debug|x86.Build.0 = Debug|Any CPU
		{A32DC8F9-F787-43B3-8590-199CE16B6537}.Release|Any CPU.ActiveCfg = Release|Any CPU
		{A32DC8F9-F787-43B3-8590-199CE16B6537}.Release|Any CPU.Build.0 = Release|Any CPU
		{A32DC8F9-F787-43B3-8590-199CE16B6537}.Release|x64.ActiveCfg = Release|Any CPU
		{A32DC8F9-F787-43B3-8590-199CE16B6537}.Release|x64.Build.0 = Release|Any CPU
		{A32DC8F9-F787-43B3-8590-199CE16B6537}.Release|x86.ActiveCfg = Release|Any CPU
		{A32DC8F9-F787-43B3-8590-199CE16B6537}.Release|x86.Build.0 = Release|Any CPU
		{D73DCE48-0DBC-40FE-AC89-2C06AF01060B}.Debug|Any CPU.ActiveCfg = Debug|x64
		{D73DCE48-0DBC-40FE-AC89-2C06AF01060B}.Debug|Any CPU.Build.0 = Debug|x64
		{D73DCE48-0DBC-40FE-AC89-2C06AF01060B}.Debug|x64.ActiveCfg = Debug|x64
		{D73DCE48-0DBC-40FE-AC89-2C06AF01060B}.Debug|x64.Build.0 = Debug|x64
		{D73DCE48-0DBC-40FE-AC89-2C06AF01060B}.Debug|x86.ActiveCfg = Debug|Win32
		{D73DCE48-0DBC-40FE-AC89-2C06AF01060B}.Debug|x86.Build.0 = Debug|Win32
		{D73DCE48-0DBC-40FE-AC89-2C06AF01060B}.Release|Any CPU.ActiveCfg = Release|x64
		{D73DCE48-0DBC-40FE-AC89-2C06AF01060B}.Release|Any CPU.Build.0 = Release|x64
		{D73DCE48-0DBC-40FE-AC89-2C06AF01060B}.Release|x64.ActiveCfg = Release|x64
		{D73DCE48-0DBC-40FE-AC89-2C06AF01060B}.Release|x64.Build.0 = Release|x64
		{D73DCE48-0DBC-40FE-AC89-2C06AF01060B}.Release|x86.ActiveCfg = Release|Win32
		{D73DCE48-0DBC-40FE-AC89-2C06AF01060B}.Release|x86.Build.0 = Release|Win32
	EndGlobalSection
	GlobalSection(SolutionProperties) = preSolution
		HideSolutionNode = FALSE
	EndGlobalSection
	GlobalSection(ExtensibilityGlobals) = postSolution
		SolutionGuid = {9B668864-E6FD-455B-A890-D50F759CDE4A}
	EndGlobalSection
EndGlobal
